# This file is automatically @generated by Poetry 1.6.0 and should not be changed by hand.

[[package]]
name = "awslambdaric"
version = "2.0.11"
description = "AWS Lambda Runtime Interface Client for Python"
optional = false
python-versions = ">=3.6"
files = [
    {file = "awslambdaric-2.0.11-cp310-cp310-manylinux_2_17_aarch64.manylinux2014_aarch64.whl", hash = "sha256:6f298068e2791b0ec5c420ef27cdf8aaba23486dfa5917b6c3067e30c97dde4f"},
    {file = "awslambdaric-2.0.11-cp310-cp310-manylinux_2_17_x86_64.manylinux2014_x86_64.whl", hash = "sha256:d530ab882984188436f3869a2fc172086ab6b43a5f7502a86b241347a5441de3"},
    {file = "awslambdaric-2.0.11-cp311-cp311-manylinux_2_17_aarch64.manylinux2014_aarch64.whl", hash = "sha256:eb1a13c130a8a2ffc1c127a2bd581f45b9f10ec32a3892e41b5b1bdc9788b92d"},
    {file = "awslambdaric-2.0.11-cp311-cp311-manylinux_2_17_x86_64.manylinux2014_x86_64.whl", hash = "sha256:04d4d4b63cef0e9aad3adea95a5cf3f81634bccde625f104ff025f764a3e8874"},
    {file = "awslambdaric-2.0.11-cp312-cp312-manylinux_2_17_aarch64.manylinux2014_aarch64.whl", hash = "sha256:bf824aeff2cde789db1167c377573f1dbf2bf01e75eeb31651de00786ef09ed0"},
    {file = "awslambdaric-2.0.11-cp312-cp312-manylinux_2_17_x86_64.manylinux2014_x86_64.whl", hash = "sha256:506f004ca08a2f43a898b65dad9d6dd2b2a4910ebe43dcc6682dc5ca0267c24a"},
    {file = "awslambdaric-2.0.11-cp36-cp36m-manylinux_2_17_aarch64.manylinux2014_aarch64.whl", hash = "sha256:662b95b6079b563d3e2ef4fda7bcb20e360901eae7a646425612ef2f4e5d6bdf"},
    {file = "awslambdaric-2.0.11-cp36-cp36m-manylinux_2_17_x86_64.manylinux2014_x86_64.whl", hash = "sha256:403109390f1a9856f8f6d5f0d5e7f2f83bdec99a62d024e433bff50eda2ed373"},
    {file = "awslambdaric-2.0.11-cp37-cp37m-manylinux_2_17_aarch64.manylinux2014_aarch64.whl", hash = "sha256:7699c822197f98cc22c262af2368c99d69b43a73113099be52545b195c5e0064"},
    {file = "awslambdaric-2.0.11-cp37-cp37m-manylinux_2_17_x86_64.manylinux2014_x86_64.whl", hash = "sha256:34a3e8d27b84ccc9535086487eed50425c0db7a016bf91cf24d8d6cc853faec3"},
    {file = "awslambdaric-2.0.11-cp38-cp38-manylinux_2_17_aarch64.manylinux2014_aarch64.whl", hash = "sha256:0a9922690eb7722417cbac55b913ab070c88444ab83290293debf29d5d9ca371"},
    {file = "awslambdaric-2.0.11-cp38-cp38-manylinux_2_17_x86_64.manylinux2014_x86_64.whl", hash = "sha256:f55cf42cea67661ccea604b7774ba8cb1e467dadaf3d4c4b7f4e029faf43a46b"},
    {file = "awslambdaric-2.0.11-cp39-cp39-manylinux_2_17_aarch64.manylinux2014_aarch64.whl", hash = "sha256:2566a9db2c613fddddc22aedb45e74dbcd5c1a044da6992424680be719db80c9"},
    {file = "awslambdaric-2.0.11-cp39-cp39-manylinux_2_17_x86_64.manylinux2014_x86_64.whl", hash = "sha256:e5145fa63560901d7dbe26c5ee0dd5977f3783ab799fa04f50c50c207be78305"},
    {file = "awslambdaric-2.0.11-pp310-pypy310_pp73-manylinux_2_17_aarch64.manylinux2014_aarch64.whl", hash = "sha256:6de8d5ea0fc8cb780e060fc06a84328fda3ed329faf97606db59287814490ade"},
    {file = "awslambdaric-2.0.11-pp310-pypy310_pp73-manylinux_2_17_x86_64.manylinux2014_x86_64.whl", hash = "sha256:ed798ab90f5230fe11079b269c3748bd875bc218c2ad4528ae2b4a04a0cd92b5"},
    {file = "awslambdaric-2.0.11-pp37-pypy37_pp73-manylinux_2_17_aarch64.manylinux2014_aarch64.whl", hash = "sha256:7b75376d62a294e37d96507a68290dd94ce83f5b1a597c42d29242545e1ee126"},
    {file = "awslambdaric-2.0.11-pp37-pypy37_pp73-manylinux_2_17_x86_64.manylinux2014_x86_64.whl", hash = "sha256:0e55a815caef1258ed7a9b0adad54e5f1b2ca63966d21342dc5da5b55dd471ef"},
    {file = "awslambdaric-2.0.11-pp38-pypy38_pp73-manylinux_2_17_aarch64.manylinux2014_aarch64.whl", hash = "sha256:98b16b4752f16b6a0562cfc1db2e6ce63b2a41ffa97c27e784c3ae5e8c2dc91d"},
    {file = "awslambdaric-2.0.11-pp38-pypy38_pp73-manylinux_2_17_x86_64.manylinux2014_x86_64.whl", hash = "sha256:bf57203ebeb4d718b34cd168f6b5ef497bfd2481adf848c5252faf38dccd7bf1"},
    {file = "awslambdaric-2.0.11-pp39-pypy39_pp73-manylinux_2_17_aarch64.manylinux2014_aarch64.whl", hash = "sha256:e4be962e90035f362511eac65ad5c0242da15f73cfae27716de42b47f9d0a2a8"},
    {file = "awslambdaric-2.0.11-pp39-pypy39_pp73-manylinux_2_17_x86_64.manylinux2014_x86_64.whl", hash = "sha256:4dbd3e2262d080327a90e1ac9d087d7616e8b5be6da83be9fd3ca1b5ae575173"},
    {file = "awslambdaric-2.0.11.tar.gz", hash = "sha256:d3438bf0be646d61f8a60fb668c0c3b103963611462f35bf2db11ef50242f54f"},
]

[package.dependencies]
simplejson = "3.18.4"

[[package]]
name = "joblib"
version = "1.3.2"
description = "Lightweight pipelining with Python functions"
optional = false
python-versions = ">=3.7"
files = [
    {file = "joblib-1.3.2-py3-none-any.whl", hash = "sha256:ef4331c65f239985f3f2220ecc87db222f08fd22097a3dd5698f693875f8cbb9"},
    {file = "joblib-1.3.2.tar.gz", hash = "sha256:92f865e621e17784e7955080b6d042489e3b8e294949cc44c6eac304f59772b1"},
]

[[package]]
name = "numpy"
version = "1.23.5"
description = "NumPy is the fundamental package for array computing with Python."
optional = false
python-versions = ">=3.8"
files = [
    {file = "numpy-1.23.5-cp310-cp310-macosx_10_9_x86_64.whl", hash = "sha256:9c88793f78fca17da0145455f0d7826bcb9f37da4764af27ac945488116efe63"},
    {file = "numpy-1.23.5-cp310-cp310-macosx_11_0_arm64.whl", hash = "sha256:e9f4c4e51567b616be64e05d517c79a8a22f3606499941d97bb76f2ca59f982d"},
    {file = "numpy-1.23.5-cp310-cp310-manylinux_2_17_aarch64.manylinux2014_aarch64.whl", hash = "sha256:7903ba8ab592b82014713c491f6c5d3a1cde5b4a3bf116404e08f5b52f6daf43"},
    {file = "numpy-1.23.5-cp310-cp310-manylinux_2_17_x86_64.manylinux2014_x86_64.whl", hash = "sha256:5e05b1c973a9f858c74367553e236f287e749465f773328c8ef31abe18f691e1"},
    {file = "numpy-1.23.5-cp310-cp310-win32.whl", hash = "sha256:522e26bbf6377e4d76403826ed689c295b0b238f46c28a7251ab94716da0b280"},
    {file = "numpy-1.23.5-cp310-cp310-win_amd64.whl", hash = "sha256:dbee87b469018961d1ad79b1a5d50c0ae850000b639bcb1b694e9981083243b6"},
    {file = "numpy-1.23.5-cp311-cp311-macosx_10_9_x86_64.whl", hash = "sha256:ce571367b6dfe60af04e04a1834ca2dc5f46004ac1cc756fb95319f64c095a96"},
    {file = "numpy-1.23.5-cp311-cp311-macosx_11_0_arm64.whl", hash = "sha256:56e454c7833e94ec9769fa0f86e6ff8e42ee38ce0ce1fa4cbb747ea7e06d56aa"},
    {file = "numpy-1.23.5-cp311-cp311-manylinux_2_17_aarch64.manylinux2014_aarch64.whl", hash = "sha256:5039f55555e1eab31124a5768898c9e22c25a65c1e0037f4d7c495a45778c9f2"},
    {file = "numpy-1.23.5-cp311-cp311-manylinux_2_17_x86_64.manylinux2014_x86_64.whl", hash = "sha256:58f545efd1108e647604a1b5aa809591ccd2540f468a880bedb97247e72db387"},
    {file = "numpy-1.23.5-cp311-cp311-win32.whl", hash = "sha256:b2a9ab7c279c91974f756c84c365a669a887efa287365a8e2c418f8b3ba73fb0"},
    {file = "numpy-1.23.5-cp311-cp311-win_amd64.whl", hash = "sha256:0cbe9848fad08baf71de1a39e12d1b6310f1d5b2d0ea4de051058e6e1076852d"},
    {file = "numpy-1.23.5-cp38-cp38-macosx_10_9_x86_64.whl", hash = "sha256:f063b69b090c9d918f9df0a12116029e274daf0181df392839661c4c7ec9018a"},
    {file = "numpy-1.23.5-cp38-cp38-macosx_11_0_arm64.whl", hash = "sha256:0aaee12d8883552fadfc41e96b4c82ee7d794949e2a7c3b3a7201e968c7ecab9"},
    {file = "numpy-1.23.5-cp38-cp38-manylinux_2_17_aarch64.manylinux2014_aarch64.whl", hash = "sha256:92c8c1e89a1f5028a4c6d9e3ccbe311b6ba53694811269b992c0b224269e2398"},
    {file = "numpy-1.23.5-cp38-cp38-manylinux_2_17_x86_64.manylinux2014_x86_64.whl", hash = "sha256:d208a0f8729f3fb790ed18a003f3a57895b989b40ea4dce4717e9cf4af62c6bb"},
    {file = "numpy-1.23.5-cp38-cp38-win32.whl", hash = "sha256:06005a2ef6014e9956c09ba07654f9837d9e26696a0470e42beedadb78c11b07"},
    {file = "numpy-1.23.5-cp38-cp38-win_amd64.whl", hash = "sha256:ca51fcfcc5f9354c45f400059e88bc09215fb71a48d3768fb80e357f3b457e1e"},
    {file = "numpy-1.23.5-cp39-cp39-macosx_10_9_x86_64.whl", hash = "sha256:8969bfd28e85c81f3f94eb4a66bc2cf1dbdc5c18efc320af34bffc54d6b1e38f"},
    {file = "numpy-1.23.5-cp39-cp39-macosx_11_0_arm64.whl", hash = "sha256:a7ac231a08bb37f852849bbb387a20a57574a97cfc7b6cabb488a4fc8be176de"},
    {file = "numpy-1.23.5-cp39-cp39-manylinux_2_17_aarch64.manylinux2014_aarch64.whl", hash = "sha256:bf837dc63ba5c06dc8797c398db1e223a466c7ece27a1f7b5232ba3466aafe3d"},
    {file = "numpy-1.23.5-cp39-cp39-manylinux_2_17_x86_64.manylinux2014_x86_64.whl", hash = "sha256:33161613d2269025873025b33e879825ec7b1d831317e68f4f2f0f84ed14c719"},
    {file = "numpy-1.23.5-cp39-cp39-win32.whl", hash = "sha256:af1da88f6bc3d2338ebbf0e22fe487821ea4d8e89053e25fa59d1d79786e7481"},
    {file = "numpy-1.23.5-cp39-cp39-win_amd64.whl", hash = "sha256:09b7847f7e83ca37c6e627682f145856de331049013853f344f37b0c9690e3df"},
    {file = "numpy-1.23.5-pp38-pypy38_pp73-macosx_10_9_x86_64.whl", hash = "sha256:abdde9f795cf292fb9651ed48185503a2ff29be87770c3b8e2a14b0cd7aa16f8"},
    {file = "numpy-1.23.5-pp38-pypy38_pp73-manylinux_2_17_x86_64.manylinux2014_x86_64.whl", hash = "sha256:f9a909a8bae284d46bbfdefbdd4a262ba19d3bc9921b1e76126b1d21c3c34135"},
    {file = "numpy-1.23.5-pp38-pypy38_pp73-win_amd64.whl", hash = "sha256:01dd17cbb340bf0fc23981e52e1d18a9d4050792e8fb8363cecbf066a84b827d"},
    {file = "numpy-1.23.5.tar.gz", hash = "sha256:1b1766d6f397c18153d40015ddfc79ddb715cabadc04d2d228d4e5a8bc4ded1a"},
]

[[package]]
name = "scikit-learn"
version = "1.3.2"
description = "A set of python modules for machine learning and data mining"
optional = false
python-versions = ">=3.8"
files = [
    {file = "scikit-learn-1.3.2.tar.gz", hash = "sha256:a2f54c76accc15a34bfb9066e6c7a56c1e7235dda5762b990792330b52ccfb05"},
    {file = "scikit_learn-1.3.2-cp310-cp310-macosx_10_9_x86_64.whl", hash = "sha256:e326c0eb5cf4d6ba40f93776a20e9a7a69524c4db0757e7ce24ba222471ee8a1"},
    {file = "scikit_learn-1.3.2-cp310-cp310-macosx_12_0_arm64.whl", hash = "sha256:535805c2a01ccb40ca4ab7d081d771aea67e535153e35a1fd99418fcedd1648a"},
    {file = "scikit_learn-1.3.2-cp310-cp310-manylinux_2_17_aarch64.manylinux2014_aarch64.whl", hash = "sha256:1215e5e58e9880b554b01187b8c9390bf4dc4692eedeaf542d3273f4785e342c"},
    {file = "scikit_learn-1.3.2-cp310-cp310-manylinux_2_17_x86_64.manylinux2014_x86_64.whl", hash = "sha256:0ee107923a623b9f517754ea2f69ea3b62fc898a3641766cb7deb2f2ce450161"},
    {file = "scikit_learn-1.3.2-cp310-cp310-win_amd64.whl", hash = "sha256:35a22e8015048c628ad099da9df5ab3004cdbf81edc75b396fd0cff8699ac58c"},
    {file = "scikit_learn-1.3.2-cp311-cp311-macosx_10_9_x86_64.whl", hash = "sha256:6fb6bc98f234fda43163ddbe36df8bcde1d13ee176c6dc9b92bb7d3fc842eb66"},
    {file = "scikit_learn-1.3.2-cp311-cp311-macosx_12_0_arm64.whl", hash = "sha256:18424efee518a1cde7b0b53a422cde2f6625197de6af36da0b57ec502f126157"},
    {file = "scikit_learn-1.3.2-cp311-cp311-manylinux_2_17_aarch64.manylinux2014_aarch64.whl", hash = "sha256:3271552a5eb16f208a6f7f617b8cc6d1f137b52c8a1ef8edf547db0259b2c9fb"},
    {file = "scikit_learn-1.3.2-cp311-cp311-manylinux_2_17_x86_64.manylinux2014_x86_64.whl", hash = "sha256:fc4144a5004a676d5022b798d9e573b05139e77f271253a4703eed295bde0433"},
    {file = "scikit_learn-1.3.2-cp311-cp311-win_amd64.whl", hash = "sha256:67f37d708f042a9b8d59551cf94d30431e01374e00dc2645fa186059c6c5d78b"},
    {file = "scikit_learn-1.3.2-cp312-cp312-macosx_10_9_x86_64.whl", hash = "sha256:8db94cd8a2e038b37a80a04df8783e09caac77cbe052146432e67800e430c028"},
    {file = "scikit_learn-1.3.2-cp312-cp312-macosx_12_0_arm64.whl", hash = "sha256:61a6efd384258789aa89415a410dcdb39a50e19d3d8410bd29be365bcdd512d5"},
    {file = "scikit_learn-1.3.2-cp312-cp312-manylinux_2_17_aarch64.manylinux2014_aarch64.whl", hash = "sha256:cb06f8dce3f5ddc5dee1715a9b9f19f20d295bed8e3cd4fa51e1d050347de525"},
    {file = "scikit_learn-1.3.2-cp312-cp312-manylinux_2_17_x86_64.manylinux2014_x86_64.whl", hash = "sha256:5b2de18d86f630d68fe1f87af690d451388bb186480afc719e5f770590c2ef6c"},
    {file = "scikit_learn-1.3.2-cp312-cp312-win_amd64.whl", hash = "sha256:0402638c9a7c219ee52c94cbebc8fcb5eb9fe9c773717965c1f4185588ad3107"},
    {file = "scikit_learn-1.3.2-cp38-cp38-macosx_10_9_x86_64.whl", hash = "sha256:a19f90f95ba93c1a7f7924906d0576a84da7f3b2282ac3bfb7a08a32801add93"},
    {file = "scikit_learn-1.3.2-cp38-cp38-macosx_12_0_arm64.whl", hash = "sha256:b8692e395a03a60cd927125eef3a8e3424d86dde9b2370d544f0ea35f78a8073"},
    {file = "scikit_learn-1.3.2-cp38-cp38-manylinux_2_17_aarch64.manylinux2014_aarch64.whl", hash = "sha256:15e1e94cc23d04d39da797ee34236ce2375ddea158b10bee3c343647d615581d"},
    {file = "scikit_learn-1.3.2-cp38-cp38-manylinux_2_17_x86_64.manylinux2014_x86_64.whl", hash = "sha256:785a2213086b7b1abf037aeadbbd6d67159feb3e30263434139c98425e3dcfcf"},
    {file = "scikit_learn-1.3.2-cp38-cp38-win_amd64.whl", hash = "sha256:64381066f8aa63c2710e6b56edc9f0894cc7bf59bd71b8ce5613a4559b6145e0"},
    {file = "scikit_learn-1.3.2-cp39-cp39-macosx_10_9_x86_64.whl", hash = "sha256:6c43290337f7a4b969d207e620658372ba3c1ffb611f8bc2b6f031dc5c6d1d03"},
    {file = "scikit_learn-1.3.2-cp39-cp39-macosx_12_0_arm64.whl", hash = "sha256:dc9002fc200bed597d5d34e90c752b74df516d592db162f756cc52836b38fe0e"},
    {file = "scikit_learn-1.3.2-cp39-cp39-manylinux_2_17_aarch64.manylinux2014_aarch64.whl", hash = "sha256:1d08ada33e955c54355d909b9c06a4789a729977f165b8bae6f225ff0a60ec4a"},
    {file = "scikit_learn-1.3.2-cp39-cp39-manylinux_2_17_x86_64.manylinux2014_x86_64.whl", hash = "sha256:763f0ae4b79b0ff9cca0bf3716bcc9915bdacff3cebea15ec79652d1cc4fa5c9"},
    {file = "scikit_learn-1.3.2-cp39-cp39-win_amd64.whl", hash = "sha256:ed932ea780517b00dae7431e031faae6b49b20eb6950918eb83bd043237950e0"},
]

[package.dependencies]
joblib = ">=1.1.1"
numpy = ">=1.17.3,<2.0"
scipy = ">=1.5.0"
threadpoolctl = ">=2.0.0"

[package.extras]
benchmark = ["matplotlib (>=3.1.3)", "memory-profiler (>=0.57.0)", "pandas (>=1.0.5)"]
docs = ["Pillow (>=7.1.2)", "matplotlib (>=3.1.3)", "memory-profiler (>=0.57.0)", "numpydoc (>=1.2.0)", "pandas (>=1.0.5)", "plotly (>=5.14.0)", "pooch (>=1.6.0)", "scikit-image (>=0.16.2)", "seaborn (>=0.9.0)", "sphinx (>=6.0.0)", "sphinx-copybutton (>=0.5.2)", "sphinx-gallery (>=0.10.1)", "sphinx-prompt (>=1.3.0)", "sphinxext-opengraph (>=0.4.2)"]
examples = ["matplotlib (>=3.1.3)", "pandas (>=1.0.5)", "plotly (>=5.14.0)", "pooch (>=1.6.0)", "scikit-image (>=0.16.2)", "seaborn (>=0.9.0)"]
tests = ["black (>=23.3.0)", "matplotlib (>=3.1.3)", "mypy (>=1.3)", "numpydoc (>=1.2.0)", "pandas (>=1.0.5)", "pooch (>=1.6.0)", "pyamg (>=4.0.0)", "pytest (>=7.1.2)", "pytest-cov (>=2.9.0)", "ruff (>=0.0.272)", "scikit-image (>=0.16.2)"]

[[package]]
name = "scipy"
version = "1.11.4"
description = "Fundamental algorithms for scientific computing in Python"
optional = false
python-versions = ">=3.9"
files = [
    {file = "scipy-1.11.4-cp310-cp310-macosx_10_9_x86_64.whl", hash = "sha256:bc9a714581f561af0848e6b69947fda0614915f072dfd14142ed1bfe1b806710"},
    {file = "scipy-1.11.4-cp310-cp310-macosx_12_0_arm64.whl", hash = "sha256:cf00bd2b1b0211888d4dc75656c0412213a8b25e80d73898083f402b50f47e41"},
    {file = "scipy-1.11.4-cp310-cp310-manylinux_2_17_aarch64.manylinux2014_aarch64.whl", hash = "sha256:b9999c008ccf00e8fbcce1236f85ade5c569d13144f77a1946bef8863e8f6eb4"},
    {file = "scipy-1.11.4-cp310-cp310-manylinux_2_17_x86_64.manylinux2014_x86_64.whl", hash = "sha256:933baf588daa8dc9a92c20a0be32f56d43faf3d1a60ab11b3f08c356430f6e56"},
    {file = "scipy-1.11.4-cp310-cp310-musllinux_1_1_x86_64.whl", hash = "sha256:8fce70f39076a5aa62e92e69a7f62349f9574d8405c0a5de6ed3ef72de07f446"},
    {file = "scipy-1.11.4-cp310-cp310-win_amd64.whl", hash = "sha256:6550466fbeec7453d7465e74d4f4b19f905642c89a7525571ee91dd7adabb5a3"},
    {file = "scipy-1.11.4-cp311-cp311-macosx_10_9_x86_64.whl", hash = "sha256:f313b39a7e94f296025e3cffc2c567618174c0b1dde173960cf23808f9fae4be"},
    {file = "scipy-1.11.4-cp311-cp311-macosx_12_0_arm64.whl", hash = "sha256:1b7c3dca977f30a739e0409fb001056484661cb2541a01aba0bb0029f7b68db8"},
    {file = "scipy-1.11.4-cp311-cp311-manylinux_2_17_aarch64.manylinux2014_aarch64.whl", hash = "sha256:00150c5eae7b610c32589dda259eacc7c4f1665aedf25d921907f4d08a951b1c"},
    {file = "scipy-1.11.4-cp311-cp311-manylinux_2_17_x86_64.manylinux2014_x86_64.whl", hash = "sha256:530f9ad26440e85766509dbf78edcfe13ffd0ab7fec2560ee5c36ff74d6269ff"},
    {file = "scipy-1.11.4-cp311-cp311-musllinux_1_1_x86_64.whl", hash = "sha256:5e347b14fe01003d3b78e196e84bd3f48ffe4c8a7b8a1afbcb8f5505cb710993"},
    {file = "scipy-1.11.4-cp311-cp311-win_amd64.whl", hash = "sha256:acf8ed278cc03f5aff035e69cb511741e0418681d25fbbb86ca65429c4f4d9cd"},
    {file = "scipy-1.11.4-cp312-cp312-macosx_10_9_x86_64.whl", hash = "sha256:028eccd22e654b3ea01ee63705681ee79933652b2d8f873e7949898dda6d11b6"},
    {file = "scipy-1.11.4-cp312-cp312-macosx_12_0_arm64.whl", hash = "sha256:2c6ff6ef9cc27f9b3db93a6f8b38f97387e6e0591600369a297a50a8e96e835d"},
    {file = "scipy-1.11.4-cp312-cp312-manylinux_2_17_aarch64.manylinux2014_aarch64.whl", hash = "sha256:b030c6674b9230d37c5c60ab456e2cf12f6784596d15ce8da9365e70896effc4"},
    {file = "scipy-1.11.4-cp312-cp312-manylinux_2_17_x86_64.manylinux2014_x86_64.whl", hash = "sha256:ad669df80528aeca5f557712102538f4f37e503f0c5b9541655016dd0932ca79"},
    {file = "scipy-1.11.4-cp312-cp312-musllinux_1_1_x86_64.whl", hash = "sha256:ce7fff2e23ab2cc81ff452a9444c215c28e6305f396b2ba88343a567feec9660"},
    {file = "scipy-1.11.4-cp312-cp312-win_amd64.whl", hash = "sha256:36750b7733d960d7994888f0d148d31ea3017ac15eef664194b4ef68d36a4a97"},
    {file = "scipy-1.11.4-cp39-cp39-macosx_10_9_x86_64.whl", hash = "sha256:6e619aba2df228a9b34718efb023966da781e89dd3d21637b27f2e54db0410d7"},
    {file = "scipy-1.11.4-cp39-cp39-macosx_12_0_arm64.whl", hash = "sha256:f3cd9e7b3c2c1ec26364856f9fbe78695fe631150f94cd1c22228456404cf1ec"},
    {file = "scipy-1.11.4-cp39-cp39-manylinux_2_17_aarch64.manylinux2014_aarch64.whl", hash = "sha256:d10e45a6c50211fe256da61a11c34927c68f277e03138777bdebedd933712fea"},
    {file = "scipy-1.11.4-cp39-cp39-manylinux_2_17_x86_64.manylinux2014_x86_64.whl", hash = "sha256:91af76a68eeae0064887a48e25c4e616fa519fa0d38602eda7e0f97d65d57937"},
    {file = "scipy-1.11.4-cp39-cp39-musllinux_1_1_x86_64.whl", hash = "sha256:6df1468153a31cf55ed5ed39647279beb9cfb5d3f84369453b49e4b8502394fd"},
    {file = "scipy-1.11.4-cp39-cp39-win_amd64.whl", hash = "sha256:ee410e6de8f88fd5cf6eadd73c135020bfbbbdfcd0f6162c36a7638a1ea8cc65"},
    {file = "scipy-1.11.4.tar.gz", hash = "sha256:90a2b78e7f5733b9de748f589f09225013685f9b218275257f8a8168ededaeaa"},
]

[package.dependencies]
numpy = ">=1.21.6,<1.28.0"

[package.extras]
dev = ["click", "cython-lint (>=0.12.2)", "doit (>=0.36.0)", "mypy", "pycodestyle", "pydevtool", "rich-click", "ruff", "types-psutil", "typing_extensions"]
doc = ["jupytext", "matplotlib (>2)", "myst-nb", "numpydoc", "pooch", "pydata-sphinx-theme (==0.9.0)", "sphinx (!=4.1.0)", "sphinx-design (>=0.2.0)"]
test = ["asv", "gmpy2", "mpmath", "pooch", "pytest", "pytest-cov", "pytest-timeout", "pytest-xdist", "scikit-umfpack", "threadpoolctl"]

[[package]]
name = "simplejson"
version = "3.18.4"
description = "Simple, fast, extensible JSON encoder/decoder for Python"
optional = false
python-versions = ">=2.5, !=3.0.*, !=3.1.*, !=3.2.*"
files = [
    {file = "simplejson-3.18.4-cp27-cp27m-macosx_10_9_x86_64.whl", hash = "sha256:8f381747c2edebe3c750a571e55103bfcc33b2707a9b91ae033ab9ba718d976a"},
    {file = "simplejson-3.18.4-cp27-cp27m-manylinux1_i686.whl", hash = "sha256:094275b1b8f003afce1167c8a674cd1ee2fd48c566632dac5d149901d5012ff8"},
    {file = "simplejson-3.18.4-cp27-cp27m-manylinux1_x86_64.whl", hash = "sha256:676e8c182f8079851f12ae1cee2fcebe04def2da2a5703a9d747ab125af47732"},
    {file = "simplejson-3.18.4-cp27-cp27m-manylinux2010_i686.whl", hash = "sha256:4b5df4ee48403885046c6f4fd8adc84c4ac0adec69482f22a17bd4ba52876341"},
    {file = "simplejson-3.18.4-cp27-cp27m-manylinux2010_x86_64.whl", hash = "sha256:edb334cab35dcd90eb563fdacb085f10e5dd0b1acb57fa43f8933308b42a8f88"},
    {file = "simplejson-3.18.4-cp27-cp27mu-manylinux1_i686.whl", hash = "sha256:b6c6cfc492710d8f0303705fa1ff7bb3d6a145f523384e45a6f3b13ada37021f"},
    {file = "simplejson-3.18.4-cp27-cp27mu-manylinux1_x86_64.whl", hash = "sha256:ced906b172bfad62736a27cfafcb6e24bc9938533b0529ff8150f7926fe35b54"},
    {file = "simplejson-3.18.4-cp27-cp27mu-manylinux2010_i686.whl", hash = "sha256:7701a289d45fdfeb37f1d15cf638801cea439df667a613379443772a86e82936"},
    {file = "simplejson-3.18.4-cp27-cp27mu-manylinux2010_x86_64.whl", hash = "sha256:e2f87a483c4ab0bb2a9adc9ca09173e7f7cf3696e4fa67bd45a6b33181e57921"},
    {file = "simplejson-3.18.4-cp310-cp310-macosx_10_9_universal2.whl", hash = "sha256:c0444423129df448788edc66a129bc7560ad7d6a661d74f0900959c0b44349a1"},
    {file = "simplejson-3.18.4-cp310-cp310-macosx_10_9_x86_64.whl", hash = "sha256:29a86bc9c8a913a4e0ffab85c563a7505cdf4bd13fba05342f8314facc0b7586"},
    {file = "simplejson-3.18.4-cp310-cp310-macosx_11_0_arm64.whl", hash = "sha256:e2fa1ee5ca34ab2ecfbe3f7a7e952a1ecaebb5b4818f002b5b146324912ac3d5"},
    {file = "simplejson-3.18.4-cp310-cp310-manylinux_2_17_aarch64.manylinux2014_aarch64.whl", hash = "sha256:b17026f3f349a6e87818cd3531e3bbb5cc78a6f4b2b6718f574a8e0512d71e08"},
    {file = "simplejson-3.18.4-cp310-cp310-manylinux_2_17_ppc64le.manylinux2014_ppc64le.whl", hash = "sha256:a255d30cda6334ba780eb40a56e8134efd3453948b995d3966e45212e34bf018"},
    {file = "simplejson-3.18.4-cp310-cp310-manylinux_2_5_i686.manylinux1_i686.manylinux_2_17_i686.manylinux2014_i686.whl", hash = "sha256:d9f0dfde448611f4f818da05f9b544a78f29355dc39151b0dad8e7c65c513e4f"},
    {file = "simplejson-3.18.4-cp310-cp310-manylinux_2_5_x86_64.manylinux1_x86_64.manylinux_2_17_x86_64.manylinux2014_x86_64.whl", hash = "sha256:f1085cadec0f7e76377951d7a87744628c90ac6cc634fc97eecce0c4d41ec563"},
    {file = "simplejson-3.18.4-cp310-cp310-musllinux_1_1_aarch64.whl", hash = "sha256:f15f56b3119fb71fa57eb4613bcd87eb7df6c2f3547de7d341853d3e50cef97e"},
    {file = "simplejson-3.18.4-cp310-cp310-musllinux_1_1_i686.whl", hash = "sha256:695da62e494e4689ab78fae173a78390a175b6a5ccc4292277ce0f8dba3945d5"},
    {file = "simplejson-3.18.4-cp310-cp310-musllinux_1_1_ppc64le.whl", hash = "sha256:097e48686e49026836ef384c7c10ca670acc023cb16a976a689c2eb6c1852df4"},
    {file = "simplejson-3.18.4-cp310-cp310-musllinux_1_1_x86_64.whl", hash = "sha256:a56005332d70b8d02d476d4a85818b27b01e51dac1a21d5c1a1d8a5df2efb4a6"},
    {file = "simplejson-3.18.4-cp310-cp310-win32.whl", hash = "sha256:3d549efc7e8f9a180c59462b124991b690ff25c235d5cf495c3246c66a7679cd"},
    {file = "simplejson-3.18.4-cp310-cp310-win_amd64.whl", hash = "sha256:bd694c465cc61fa8e599355e535b6eb561279834d9883aeef08d0e86c44c300c"},
    {file = "simplejson-3.18.4-cp311-cp311-macosx_10_9_universal2.whl", hash = "sha256:ad37f25fd8dfbed80815c3281b82a165be2a74e663856b9a50099d18789987bc"},
    {file = "simplejson-3.18.4-cp311-cp311-macosx_10_9_x86_64.whl", hash = "sha256:2362c66d2c633925d90f2f177f05e0570d320d986130d34dff9ad6edbf7be8ac"},
    {file = "simplejson-3.18.4-cp311-cp311-macosx_11_0_arm64.whl", hash = "sha256:30e381471158290ccb79bd31e7bbda4c8f2cf7e1a5f6b557c1b97d6036ccd05b"},
    {file = "simplejson-3.18.4-cp311-cp311-manylinux_2_17_aarch64.manylinux2014_aarch64.whl", hash = "sha256:5d45ed9452a42064805143480397b586ea2ea322f4b8b69034c51181e7f38342"},
    {file = "simplejson-3.18.4-cp311-cp311-manylinux_2_17_ppc64le.manylinux2014_ppc64le.whl", hash = "sha256:0dcc54e7cfbd9674ec4ca181e26eaa5b038446601faeaa6c83d146ddef2f2652"},
    {file = "simplejson-3.18.4-cp311-cp311-manylinux_2_5_i686.manylinux1_i686.manylinux_2_17_i686.manylinux2014_i686.whl", hash = "sha256:05a668d4a93816fb8a644e90e7987aa3beeb9d2112ca50a474d41e6acb5bb88a"},
    {file = "simplejson-3.18.4-cp311-cp311-manylinux_2_5_x86_64.manylinux1_x86_64.manylinux_2_17_x86_64.manylinux2014_x86_64.whl", hash = "sha256:da6dc0cb00ef1e1a8daf285074ca8b2bb89591170c42ceab0c37bcdb9adc802c"},
    {file = "simplejson-3.18.4-cp311-cp311-musllinux_1_1_aarch64.whl", hash = "sha256:f31e126204ec38f92dee119af87cf881044ef7dea6f7477ef774ed3d84199c24"},
    {file = "simplejson-3.18.4-cp311-cp311-musllinux_1_1_i686.whl", hash = "sha256:fb0f8b35c11fd8e4b924f974d331b20fa54555282451db7f2a3b24bd2d33cc11"},
    {file = "simplejson-3.18.4-cp311-cp311-musllinux_1_1_ppc64le.whl", hash = "sha256:2d1b47f768e1f4c1c8a9457effabed735939401e85c0ddcdf68444c88a9242e6"},
    {file = "simplejson-3.18.4-cp311-cp311-musllinux_1_1_x86_64.whl", hash = "sha256:6d65ea4582b47d77e9094c22eb0aeded0ebd96c1df86e988870b40c6514c6e21"},
    {file = "simplejson-3.18.4-cp311-cp311-win32.whl", hash = "sha256:32de1672f91a789cc9e1c36c406b2d75457a242d64e9e73a70b9b814ef00095e"},
    {file = "simplejson-3.18.4-cp311-cp311-win_amd64.whl", hash = "sha256:c37b092d29741096c4723f48924a80b1d3de62ca1de254ce88178fa083dd520c"},
    {file = "simplejson-3.18.4-cp36-cp36m-macosx_10_9_x86_64.whl", hash = "sha256:706a7fc81ceeb321a1040d008b134056012188f95a5c31ad94fb03153b35cc84"},
    {file = "simplejson-3.18.4-cp36-cp36m-manylinux_2_17_aarch64.manylinux2014_aarch64.whl", hash = "sha256:ab64f087c5863ac621b42e227e5a43bd9b28de581afe7be12ad96562b9be8203"},
    {file = "simplejson-3.18.4-cp36-cp36m-manylinux_2_17_ppc64le.manylinux2014_ppc64le.whl", hash = "sha256:7f27a079cb009ba569983061a50a9270b7e1d35f81e4eeaf0e26f8924027e550"},
    {file = "simplejson-3.18.4-cp36-cp36m-manylinux_2_5_i686.manylinux1_i686.manylinux_2_17_i686.manylinux2014_i686.whl", hash = "sha256:93ba80fbf959b5852554f23201a5f4b30885930c303546ffa883859a435ea3cf"},
    {file = "simplejson-3.18.4-cp36-cp36m-manylinux_2_5_x86_64.manylinux1_x86_64.manylinux_2_17_x86_64.manylinux2014_x86_64.whl", hash = "sha256:0cdb5069870f7d26a34e5adc30672d0a7b26e652720530a023bb3a8d8a42e37f"},
    {file = "simplejson-3.18.4-cp36-cp36m-musllinux_1_1_aarch64.whl", hash = "sha256:340b7d085b4a5063aacb8664b1250e4a7426c16e1cc80705c548a229153af147"},
    {file = "simplejson-3.18.4-cp36-cp36m-musllinux_1_1_i686.whl", hash = "sha256:b9893852c559998f667e6434d2c2474518d4cdfd1b9cec8e57b3c9d577ba55c1"},
    {file = "simplejson-3.18.4-cp36-cp36m-musllinux_1_1_ppc64le.whl", hash = "sha256:efae49d0148ec68b6e012f1b9e19bd530f4dced378ba919e3e906ae2b829cc31"},
    {file = "simplejson-3.18.4-cp36-cp36m-musllinux_1_1_x86_64.whl", hash = "sha256:a89d7fe994b115f0a792e6673f387af3db812a1760d594abad51e0ea11d3e470"},
    {file = "simplejson-3.18.4-cp36-cp36m-win32.whl", hash = "sha256:44058bea97429cfa0d6fb1d8eb0736a77022f34a326d5bc64fd6fed8d9304571"},
    {file = "simplejson-3.18.4-cp36-cp36m-win_amd64.whl", hash = "sha256:f85d87986ca375b8305b5c4f166783b8db383a6469e8b99b8dba22878388f234"},
    {file = "simplejson-3.18.4-cp37-cp37m-macosx_10_9_x86_64.whl", hash = "sha256:a3bba99178f1b25878752a8bc6da2f93fbae754ebd4914d2ac4b869b9fb24102"},
    {file = "simplejson-3.18.4-cp37-cp37m-manylinux_2_17_aarch64.manylinux2014_aarch64.whl", hash = "sha256:d5f67bffa6fc68e391b2250e1feb43d534ded64a7b918eb89cf7e3e679759d94"},
    {file = "simplejson-3.18.4-cp37-cp37m-manylinux_2_17_ppc64le.manylinux2014_ppc64le.whl", hash = "sha256:a8ac155e3fd3b54a63040df024e57e62c130b15a2fc66eff3c2a946f42beed52"},
    {file = "simplejson-3.18.4-cp37-cp37m-manylinux_2_5_i686.manylinux1_i686.manylinux_2_17_i686.manylinux2014_i686.whl", hash = "sha256:682b202f56d9d9e1bb22eaca3e37321002223fd5ddef7189b9233e3c14079917"},
    {file = "simplejson-3.18.4-cp37-cp37m-manylinux_2_5_x86_64.manylinux1_x86_64.manylinux_2_17_x86_64.manylinux2014_x86_64.whl", hash = "sha256:3dbfaa79b1c0efdb768392a19110f1aff793f3e8d43f57e292f46734b8affb45"},
    {file = "simplejson-3.18.4-cp37-cp37m-musllinux_1_1_aarch64.whl", hash = "sha256:7339bd6203351555c1e728acd601ba95ebce0f6041ebdb386e025f00af3f1769"},
    {file = "simplejson-3.18.4-cp37-cp37m-musllinux_1_1_i686.whl", hash = "sha256:544e5607142d66a469ecf78a3154ec0f915834dc3b8cfdb2677a78ca58319ad6"},
    {file = "simplejson-3.18.4-cp37-cp37m-musllinux_1_1_ppc64le.whl", hash = "sha256:56d36f47bc7c7684504f0f18feb161a0b1162546b3622e45aa6155f8285180ac"},
    {file = "simplejson-3.18.4-cp37-cp37m-musllinux_1_1_x86_64.whl", hash = "sha256:b482d1fdd8f860e743c7de8cd6dfe54fb9fe8cd6ccba29e2966912ac89e17b2f"},
    {file = "simplejson-3.18.4-cp37-cp37m-win32.whl", hash = "sha256:313dfd911723dc3022fed7050a7b315d5d0681cd56eee08e44e2cbd39fd9ad81"},
    {file = "simplejson-3.18.4-cp37-cp37m-win_amd64.whl", hash = "sha256:f5e0a03e533313eee9437ccc6c4eab47369f17bc919b57df4a20ccd8bc85d8fd"},
    {file = "simplejson-3.18.4-cp38-cp38-macosx_10_9_universal2.whl", hash = "sha256:5c4f59dd358c3a99efa46d62dc1583be3a1c37171f5240c4cbdc2d5838870902"},
    {file = "simplejson-3.18.4-cp38-cp38-macosx_10_9_x86_64.whl", hash = "sha256:041dd69026284d10f035cefb4a75026d2cfcef31f31e62585eeb2b7776e7e047"},
    {file = "simplejson-3.18.4-cp38-cp38-macosx_11_0_arm64.whl", hash = "sha256:47509775a5c41ec2a6cd17c9c00fc14965cad8e6670059663872ba5e39332f57"},
    {file = "simplejson-3.18.4-cp38-cp38-manylinux_2_17_aarch64.manylinux2014_aarch64.whl", hash = "sha256:f1b425a857ce52e651739314e4118fc68bd702ef983148b8fd5cb6f68bb6a020"},
    {file = "simplejson-3.18.4-cp38-cp38-manylinux_2_17_ppc64le.manylinux2014_ppc64le.whl", hash = "sha256:deb71e6166e4f1264174d78b5b88abd52b14c6649e6eabaf9cf93cb1c7362850"},
    {file = "simplejson-3.18.4-cp38-cp38-manylinux_2_5_i686.manylinux1_i686.manylinux_2_17_i686.manylinux2014_i686.whl", hash = "sha256:827ddc3b3603f7d0421b054388da6face7871d800c4b3bbedeedc8778e4085ea"},
    {file = "simplejson-3.18.4-cp38-cp38-manylinux_2_5_x86_64.manylinux1_x86_64.manylinux_2_17_x86_64.manylinux2014_x86_64.whl", hash = "sha256:dc74a9ef4d61e18ee6f1886b6ef1fe285b1f432885288afacfb7402f7d469448"},
    {file = "simplejson-3.18.4-cp38-cp38-musllinux_1_1_aarch64.whl", hash = "sha256:16fbebfc38ad4285c256d2430797fd669b0437d090e985c6d443521d4303b133"},
    {file = "simplejson-3.18.4-cp38-cp38-musllinux_1_1_i686.whl", hash = "sha256:e7d3f7cd57ce0c6a5bb8133f8ed5c3d1be0473a88b7d91a300626298f12d0999"},
    {file = "simplejson-3.18.4-cp38-cp38-musllinux_1_1_ppc64le.whl", hash = "sha256:b43d3c2e204d709af955bdb904ae127fe137363ace87fbf7dc8fe6017f7f8449"},
    {file = "simplejson-3.18.4-cp38-cp38-musllinux_1_1_x86_64.whl", hash = "sha256:ab5941e1fd509fc151258477ef4b663fe14c94f8faf3581827bf4b02080fd4ba"},
    {file = "simplejson-3.18.4-cp38-cp38-win32.whl", hash = "sha256:a1163bfe5d043c20adeb5c4c8e89dd1dd39b375c8ca6f1c1e35ec537ad7a12e7"},
    {file = "simplejson-3.18.4-cp38-cp38-win_amd64.whl", hash = "sha256:8ccc982197982cdda19e3e5ba4ef7f6ad6bed3eb39bb423bfbf7fa2cd29488ab"},
    {file = "simplejson-3.18.4-cp39-cp39-macosx_10_9_universal2.whl", hash = "sha256:01f426ee9e3a2d205aa4c22c3da996b51f2de75c4199ef703258a28b304dea8c"},
    {file = "simplejson-3.18.4-cp39-cp39-macosx_10_9_x86_64.whl", hash = "sha256:46b8cc86204b51eddcf157cbaf3c44a20f24393030442af0909eeb961186cb67"},
    {file = "simplejson-3.18.4-cp39-cp39-macosx_11_0_arm64.whl", hash = "sha256:65de5876e34780b43f92d9d2539de16ecc56d16f56e56e59b34adfa1cebe064f"},
    {file = "simplejson-3.18.4-cp39-cp39-manylinux_2_17_aarch64.manylinux2014_aarch64.whl", hash = "sha256:fa6fe8fa94a831886ee164ac03514f361e1387a62a1b9da32fde5c0c1f27fa8d"},
    {file = "simplejson-3.18.4-cp39-cp39-manylinux_2_17_ppc64le.manylinux2014_ppc64le.whl", hash = "sha256:9a50a9da1cf93e35f26c4ddee162abf3184a340339ec2d4001c34607b87e71b4"},
    {file = "simplejson-3.18.4-cp39-cp39-manylinux_2_5_i686.manylinux1_i686.manylinux_2_17_i686.manylinux2014_i686.whl", hash = "sha256:a2285609b4edbf9957440642493788ebef6583042b3fb96217c2e71f29bc6d80"},
    {file = "simplejson-3.18.4-cp39-cp39-manylinux_2_5_x86_64.manylinux1_x86_64.manylinux_2_17_x86_64.manylinux2014_x86_64.whl", hash = "sha256:5b217201efc007166e24e9a282007cc208a2d059350a7c5bd0b0303460ad3019"},
    {file = "simplejson-3.18.4-cp39-cp39-musllinux_1_1_aarch64.whl", hash = "sha256:0cc9a47bf8cde85c99db5f4a919bb756e62427ade0f2e875a6ec89ae8492d486"},
    {file = "simplejson-3.18.4-cp39-cp39-musllinux_1_1_i686.whl", hash = "sha256:e042ae053e05fe193514d51d6b0f0243729961901e9a75f8b596bfaf69522c52"},
    {file = "simplejson-3.18.4-cp39-cp39-musllinux_1_1_ppc64le.whl", hash = "sha256:d0d3b9f7cee233368d92c89746dde74313abafaa3ec1f0c06a3f4f164dc27bcc"},
    {file = "simplejson-3.18.4-cp39-cp39-musllinux_1_1_x86_64.whl", hash = "sha256:1844d7782652f859d9648531778582d4842d80cfff8d334eb23bb8da0d22a1b0"},
    {file = "simplejson-3.18.4-cp39-cp39-win32.whl", hash = "sha256:2a6e5c0e0817fb20dbb880c83caebbd4ef39f1901f6f8e53b73a3c74de4e5172"},
    {file = "simplejson-3.18.4-cp39-cp39-win_amd64.whl", hash = "sha256:34d95ad8e27754f0d91917600d6ea273e05c82a71021f168c45be48637d9502f"},
    {file = "simplejson-3.18.4-py3-none-any.whl", hash = "sha256:03de1ec4ad734f28ca49b0a758b997d752be0d089ed30360157c4e8811999c8f"},
    {file = "simplejson-3.18.4.tar.gz", hash = "sha256:6197cfebe659ac802a686b5408494115a7062b45cdf37679c4d6a9d4f39649b7"},
]

[[package]]
name = "threadpoolctl"
version = "3.2.0"
description = "threadpoolctl"
optional = false
python-versions = ">=3.8"
files = [
    {file = "threadpoolctl-3.2.0-py3-none-any.whl", hash = "sha256:2b7818516e423bdaebb97c723f86a7c6b0a83d3f3b0970328d66f4d9104dc032"},
    {file = "threadpoolctl-3.2.0.tar.gz", hash = "sha256:c96a0ba3bdddeaca37dc4cc7344aafad41cdb8c313f74fdfe387a867bba93355"},
]

[metadata]
lock-version = "2.0"
python-versions = "~3.11"
content-hash = "e10dc650f94d8431eba24c948a2eb9a02d0c1eda4bb86dc6a0d38b2ae1d62a13"
